
Microsoft Visual Studio Solution File, Format Version 11.00
# Visual Studio 2010
Project("{FAE04EC0-301F-11D3-BF4B-00C04F79EFBC}") = "OQS", "OQS\OQS.csproj", "{ECF124C6-2958-4239-9514-B80F020DB658}"
EndProject
Global
	GlobalSection(SolutionConfigurationPlatforms) = preSolution
		Debug|Any CPU = Debug|Any CPU
		Release|Any CPU = Release|Any CPU
	EndGlobalSection
	GlobalSection(ProjectConfigurationPlatforms) = postSolution
		{ECF124C6-2958-4239-9514-B80F020DB658}.Debug|Any CPU.ActiveCfg = Debug|Any CPU
		{ECF124C6-2958-4239-9514-B80F020DB658}.Debug|Any CPU.Build.0 = Debug|Any CPU
		{ECF124C6-2958-4239-9514-B80F020DB658}.Release|Any CPU.ActiveCfg = Release|Any CPU
		{ECF124C6-2958-4239-9514-B80F020DB658}.Release|Any CPU.Build.0 = Release|Any CPU
	EndGlobalSection
	GlobalSection(SolutionProperties) = preSolution
		HideSolutionNode = FALSE
	EndGlobalSection
EndGlobal
